{
  "name": "rapid-mock-example",
  "version": "1.0.0",
  "lockfileVersion": 3,
  "requires": true,
  "packages": {
    "": {
      "name": "rapid-mock-example",
      "version": "1.0.0",
      "license": "MIT",
      "dependencies": {
        "rapid-mock": "file:.."
      }
    },
    "..": {
      "version": "1.0.5",
      "license": "MIT",
      "dependencies": {
        "@types/express": "^4.17.21",
        "@types/node": "^22.2.0",
        "express": "^4.19.2",
        "picocolors": "^1.0.1",
        "ts-node-dev": "^2.0.0"
      },
      "devDependencies": {
        "@typescript-eslint/parser": "^8.1.0",
        "eslint": "^8.57.0",
        "eslint-plugin-custom-rules": "file:eslint-plugin-custom-rules",
        "eslint-plugin-import": "^2.29.1",
        "rapid-mock": "file:",
        "rimraf": "^6.0.1",
        "typescript": "^5.5.4"
      }
    },
    "node_modules/rapid-mock": {
      "resolved": "..",
      "link": true
    }
  }
}
